// !$*UTF8*$!
{
	archiveVersion = 1;
	classes = {
	};
	objectVersion = 55;
	objects = {

/* Begin PBXBuildFile section */
		C7C4ACB527EAF5630082BDB3 /* ScrumifyApp.swift in Sources */ = {isa = PBXBuildFile; fileRef = C7C4ACB427EAF5630082BDB3 /* ScrumifyApp.swift */; };
		C7C4ACB727EAF5630082BDB3 /* MeetingView.swift in Sources */ = {isa = PBXBuildFile; fileRef = C7C4ACB627EAF5630082BDB3 /* MeetingView.swift */; };
		C7C4ACBC27EAF5670082BDB3 /* Preview Assets.xcassets in Resources */ = {isa = PBXBuildFile; fileRef = C7C4ACBB27EAF5670082BDB3 /* Preview Assets.xcassets */; };
		C7C4ACC427EBC3470082BDB3 /* Theme.swift in Sources */ = {isa = PBXBuildFile; fileRef = C7C4ACC327EBC3460082BDB3 /* Theme.swift */; };
		C7C4ACCB27EC32030082BDB3 /* Assets.xcassets in Resources */ = {isa = PBXBuildFile; fileRef = C7C4ACCA27EC32030082BDB3 /* Assets.xcassets */; };
		C7C4ACCD27EC324F0082BDB3 /* DailyScrum.swift in Sources */ = {isa = PBXBuildFile; fileRef = C7C4ACCC27EC324F0082BDB3 /* DailyScrum.swift */; };
		C7C4ACCF27EC358A0082BDB3 /* CardView.swift in Sources */ = {isa = PBXBuildFile; fileRef = C7C4ACCE27EC358A0082BDB3 /* CardView.swift */; };
		C7C4ACD127EC3BF90082BDB3 /* TrailingIconLabelStyle.swift in Sources */ = {isa = PBXBuildFile; fileRef = C7C4ACD027EC3BF90082BDB3 /* TrailingIconLabelStyle.swift */; };
		C7C4ACD327EC4C9F0082BDB3 /* ScrumsView.swift in Sources */ = {isa = PBXBuildFile; fileRef = C7C4ACD227EC4C9F0082BDB3 /* ScrumsView.swift */; };
		C7C4ACD527EC5A690082BDB3 /* DetailView.swift in Sources */ = {isa = PBXBuildFile; fileRef = C7C4ACD427EC5A690082BDB3 /* DetailView.swift */; };
		C7C4ACD727ED19920082BDB3 /* DetailEditView.swift in Sources */ = {isa = PBXBuildFile; fileRef = C7C4ACD627ED19920082BDB3 /* DetailEditView.swift */; };
		C7C4ACD927ED2C8F0082BDB3 /* ThemeView.swift in Sources */ = {isa = PBXBuildFile; fileRef = C7C4ACD827ED2C8F0082BDB3 /* ThemeView.swift */; };
		C7C4ACDB27ED2EC50082BDB3 /* ThemePicker.swift in Sources */ = {isa = PBXBuildFile; fileRef = C7C4ACDA27ED2EC50082BDB3 /* ThemePicker.swift */; };
/* End PBXBuildFile section */

/* Begin PBXFileReference section */
		C7C4ACB127EAF5630082BDB3 /* Scrumify.app */ = {isa = PBXFileReference; explicitFileType = wrapper.application; includeInIndex = 0; path = Scrumify.app; sourceTree = BUILT_PRODUCTS_DIR; };
		C7C4ACB427EAF5630082BDB3 /* ScrumifyApp.swift */ = {isa = PBXFileReference; lastKnownFileType = sourcecode.swift; path = ScrumifyApp.swift; sourceTree = "<group>"; };
		C7C4ACB627EAF5630082BDB3 /* MeetingView.swift */ = {isa = PBXFileReference; lastKnownFileType = sourcecode.swift; path = MeetingView.swift; sourceTree = "<group>"; };
		C7C4ACBB27EAF5670082BDB3 /* Preview Assets.xcassets */ = {isa = PBXFileReference; lastKnownFileType = folder.assetcatalog; path = "Preview Assets.xcassets"; sourceTree = "<group>"; };
		C7C4ACC327EBC3460082BDB3 /* Theme.swift */ = {isa = PBXFileReference; lastKnownFileType = sourcecode.swift; path = Theme.swift; sourceTree = "<group>"; };
		C7C4ACCA27EC32030082BDB3 /* Assets.xcassets */ = {isa = PBXFileReference; lastKnownFileType = folder.assetcatalog; path = Assets.xcassets; sourceTree = "<group>"; };
		C7C4ACCC27EC324F0082BDB3 /* DailyScrum.swift */ = {isa = PBXFileReference; lastKnownFileType = sourcecode.swift; path = DailyScrum.swift; sourceTree = "<group>"; };
		C7C4ACCE27EC358A0082BDB3 /* CardView.swift */ = {isa = PBXFileReference; lastKnownFileType = sourcecode.swift; path = CardView.swift; sourceTree = "<group>"; };
		C7C4ACD027EC3BF90082BDB3 /* TrailingIconLabelStyle.swift */ = {isa = PBXFileReference; lastKnownFileType = sourcecode.swift; path = TrailingIconLabelStyle.swift; sourceTree = "<group>"; };
		C7C4ACD227EC4C9F0082BDB3 /* ScrumsView.swift */ = {isa = PBXFileReference; lastKnownFileType = sourcecode.swift; path = ScrumsView.swift; sourceTree = "<group>"; };
		C7C4ACD427EC5A690082BDB3 /* DetailView.swift */ = {isa = PBXFileReference; lastKnownFileType = sourcecode.swift; path = DetailView.swift; sourceTree = "<group>"; };
		C7C4ACD627ED19920082BDB3 /* DetailEditView.swift */ = {isa = PBXFileReference; lastKnownFileType = sourcecode.swift; path = DetailEditView.swift; sourceTree = "<group>"; };
		C7C4ACD827ED2C8F0082BDB3 /* ThemeView.swift */ = {isa = PBXFileReference; lastKnownFileType = sourcecode.swift; path = ThemeView.swift; sourceTree = "<group>"; };
		C7C4ACDA27ED2EC50082BDB3 /* ThemePicker.swift */ = {isa = PBXFileReference; lastKnownFileType = sourcecode.swift; path = ThemePicker.swift; sourceTree = "<group>"; };
/* End PBXFileReference section */

/* Begin PBXFrameworksBuildPhase section */
		C7C4ACAE27EAF5630082BDB3 /* Frameworks */ = {
			isa = PBXFrameworksBuildPhase;
			buildActionMask = 2147483647;
			files = (
			);
			runOnlyForDeploymentPostprocessing = 0;
		};
/* End PBXFrameworksBuildPhase section */

/* Begin PBXGroup section */
		C7C4ACA827EAF5630082BDB3 = {
			isa = PBXGroup;
			children = (
				C7C4ACB327EAF5630082BDB3 /* Scrumify */,
				C7C4ACB227EAF5630082BDB3 /* Products */,
			);
			sourceTree = "<group>";
		};
		C7C4ACB227EAF5630082BDB3 /* Products */ = {
			isa = PBXGroup;
			children = (
				C7C4ACB127EAF5630082BDB3 /* Scrumify.app */,
			);
			name = Products;
			sourceTree = "<group>";
		};
		C7C4ACB327EAF5630082BDB3 /* Scrumify */ = {
			isa = PBXGroup;
			children = (
				C7C4ACC227EBC3160082BDB3 /* Models */,
				C7C4ACB427EAF5630082BDB3 /* ScrumifyApp.swift */,
				C7C4ACCE27EC358A0082BDB3 /* CardView.swift */,
				C7C4ACD427EC5A690082BDB3 /* DetailView.swift */,
				C7C4ACD627ED19920082BDB3 /* DetailEditView.swift */,
				C7C4ACB627EAF5630082BDB3 /* MeetingView.swift */,
				C7C4ACD227EC4C9F0082BDB3 /* ScrumsView.swift */,
				C7C4ACD827ED2C8F0082BDB3 /* ThemeView.swift */,
				C7C4ACDA27ED2EC50082BDB3 /* ThemePicker.swift */,
				C7C4ACD027EC3BF90082BDB3 /* TrailingIconLabelStyle.swift */,
				C7C4ACCA27EC32030082BDB3 /* Assets.xcassets */,
				C7C4ACBA27EAF5670082BDB3 /* Preview Content */,
			);
			path = Scrumify;
			sourceTree = "<group>";
		};
		C7C4ACBA27EAF5670082BDB3 /* Preview Content */ = {
			isa = PBXGroup;
			children = (
				C7C4ACBB27EAF5670082BDB3 /* Preview Assets.xcassets */,
			);
			path = "Preview Content";
			sourceTree = "<group>";
		};
		C7C4ACC227EBC3160082BDB3 /* Models */ = {
			isa = PBXGroup;
			children = (
				C7C4ACC327EBC3460082BDB3 /* Theme.swift */,
				C7C4ACCC27EC324F0082BDB3 /* DailyScrum.swift */,
			);
			path = Models;
			sourceTree = "<group>";
		};
/* End PBXGroup section */

/* Begin PBXNativeTarget section */
		C7C4ACB027EAF5630082BDB3 /* Scrumify */ = {
			isa = PBXNativeTarget;
			buildConfigurationList = C7C4ACBF27EAF5670082BDB3 /* Build configuration list for PBXNativeTarget "Scrumify" */;
			buildPhases = (
				C7C4ACAD27EAF5630082BDB3 /* Sources */,
				C7C4ACAE27EAF5630082BDB3 /* Frameworks */,
				C7C4ACAF27EAF5630082BDB3 /* Resources */,
			);
			buildRules = (
			);
			dependencies = (
			);
			name = Scrumify;
			productName = Scrumify;
			productReference = C7C4ACB127EAF5630082BDB3 /* Scrumify.app */;
			productType = "com.apple.product-type.application";
		};
/* End PBXNativeTarget section */

/* Begin PBXProject section */
		C7C4ACA927EAF5630082BDB3 /* Project object */ = {
			isa = PBXProject;
			attributes = {
				BuildIndependentTargetsInParallel = 1;
				LastSwiftUpdateCheck = 1330;
				LastUpgradeCheck = 1330;
				TargetAttributes = {
					C7C4ACB027EAF5630082BDB3 = {
						CreatedOnToolsVersion = 13.3;
					};
				};
			};
			buildConfigurationList = C7C4ACAC27EAF5630082BDB3 /* Build configuration list for PBXProject "Scrumify" */;
			compatibilityVersion = "Xcode 13.0";
			developmentRegion = en;
			hasScannedForEncodings = 0;
			knownRegions = (
				en,
				Base,
			);
			mainGroup = C7C4ACA827EAF5630082BDB3;
			productRefGroup = C7C4ACB227EAF5630082BDB3 /* Products */;
			projectDirPath = "";
			projectRoot = "";
			targets = (
				C7C4ACB027EAF5630082BDB3 /* Scrumify */,
			);
		};
/* End PBXProject section */

/* Begin PBXResourcesBuildPhase section */
		C7C4ACAF27EAF5630082BDB3 /* Resources */ = {
			isa = PBXResourcesBuildPhase;
			buildActionMask = 2147483647;
			files = (
				C7C4ACCB27EC32030082BDB3 /* Assets.xcassets in Resources */,
				C7C4ACBC27EAF5670082BDB3 /* Preview Assets.xcassets in Resources */,
			);
			runOnlyForDeploymentPostprocessing = 0;
		};
/* End PBXResourcesBuildPhase section */

/* Begin PBXSourcesBuildPhase section */
		C7C4ACAD27EAF5630082BDB3 /* Sources */ = {
			isa = PBXSourcesBuildPhase;
			buildActionMask = 2147483647;
			files = (
				C7C4ACDB27ED2EC50082BDB3 /* ThemePicker.swift in Sources */,
				C7C4ACCD27EC324F0082BDB3 /* DailyScrum.swift in Sources */,
				C7C4ACD527EC5A690082BDB3 /* DetailView.swift in Sources */,
				C7C4ACD727ED19920082BDB3 /* DetailEditView.swift in Sources */,
				C7C4ACD127EC3BF90082BDB3 /* TrailingIconLabelStyle.swift in Sources */,
				C7C4ACC427EBC3470082BDB3 /* Theme.swift in Sources */,
				C7C4ACD327EC4C9F0082BDB3 /* ScrumsView.swift in Sources */,
				C7C4ACB727EAF5630082BDB3 /* MeetingView.swift in Sources */,
				C7C4ACB527EAF5630082BDB3 /* ScrumifyApp.swift in Sources */,
				C7C4ACD927ED2C8F0082BDB3 /* ThemeView.swift in Sources */,
				C7C4ACCF27EC358A0082BDB3 /* CardView.swift in Sources */,
			);
			runOnlyForDeploymentPostprocessing = 0;
		};
/* End PBXSourcesBuildPhase section */

/* Begin XCBuildConfiguration section */
		C7C4ACBD27EAF5670082BDB3 /* Debug */ = {
			isa = XCBuildConfiguration;
			buildSettings = {
				ALWAYS_SEARCH_USER_PATHS = NO;
				CLANG_ANALYZER_NONNULL = YES;
				CLANG_ANALYZER_NUMBER_OBJECT_CONVERSION = YES_AGGRESSIVE;
				CLANG_CXX_LANGUAGE_STANDARD = "gnu++17";
				CLANG_ENABLE_MODULES = YES;
				CLANG_ENABLE_OBJC_ARC = YES;
				CLANG_ENABLE_OBJC_WEAK = YES;
				CLANG_WARN_BLOCK_CAPTURE_AUTORELEASING = YES;
				CLANG_WARN_BOOL_CONVERSION = YES;
				CLANG_WARN_COMMA = YES;
				CLANG_WARN_CONSTANT_CONVERSION = YES;
				CLANG_WARN_DEPRECATED_OBJC_IMPLEMENTATIONS = YES;
				CLANG_WARN_DIRECT_OBJC_ISA_USAGE = YES_ERROR;
				CLANG_WARN_DOCUMENTATION_COMMENTS = YES;
				CLANG_WARN_EMPTY_BODY = YES;
				CLANG_WARN_ENUM_CONVERSION = YES;
				CLANG_WARN_INFINITE_RECURSION = YES;
				CLANG_WARN_INT_CONVERSION = YES;
				CLANG_WARN_NON_LITERAL_NULL_CONVERSION = YES;
				CLANG_WARN_OBJC_IMPLICIT_RETAIN_SELF = YES;
				CLANG_WARN_OBJC_LITERAL_CONVERSION = YES;
				CLANG_WARN_OBJC_ROOT_CLASS = YES_ERROR;
				CLANG_WARN_QUOTED_INCLUDE_IN_FRAMEWORK_HEADER = YES;
				CLANG_WARN_RANGE_LOOP_ANALYSIS = YES;
				CLANG_WARN_STRICT_PROTOTYPES = YES;
				CLANG_WARN_SUSPICIOUS_MOVE = YES;
				CLANG_WARN_UNGUARDED_AVAILABILITY = YES_AGGRESSIVE;
				CLANG_WARN_UNREACHABLE_CODE = YES;
				CLANG_WARN__DUPLICATE_METHOD_MATCH = YES;
				COPY_PHASE_STRIP = NO;
				DEBUG_INFORMATION_FORMAT = dwarf;
				ENABLE_STRICT_OBJC_MSGSEND = YES;
				ENABLE_TESTABILITY = YES;
				GCC_C_LANGUAGE_STANDARD = gnu11;
				GCC_DYNAMIC_NO_PIC = NO;
				GCC_NO_COMMON_BLOCKS = YES;
				GCC_OPTIMIZATION_LEVEL = 0;
				GCC_PREPROCESSOR_DEFINITIONS = (
					"DEBUG=1",
					"$(inherited)",
				);
				GCC_WARN_64_TO_32_BIT_CONVERSION = YES;
				GCC_WARN_ABOUT_RETURN_TYPE = YES_ERROR;
				GCC_WARN_UNDECLARED_SELECTOR = YES;
				GCC_WARN_UNINITIALIZED_AUTOS = YES_AGGRESSIVE;
				GCC_WARN_UNUSED_FUNCTION = YES;
				GCC_WARN_UNUSED_VARIABLE = YES;
				IPHONEOS_DEPLOYMENT_TARGET = 15.4;
				MTL_ENABLE_DEBUG_INFO = INCLUDE_SOURCE;
				MTL_FAST_MATH = YES;
				ONLY_ACTIVE_ARCH = YES;
				SDKROOT = iphoneos;
				SWIFT_ACTIVE_COMPILATION_CONDITIONS = DEBUG;
				SWIFT_OPTIMIZATION_LEVEL = "-Onone";
			};
			name = Debug;
		};
		C7C4ACBE27EAF5670082BDB3 /* Release */ = {
			isa = XCBuildConfiguration;
			buildSettings = {
				ALWAYS_SEARCH_USER_PATHS = NO;
				CLANG_ANALYZER_NONNULL = YES;
				CLANG_ANALYZER_NUMBER_OBJECT_CONVERSION = YES_AGGRESSIVE;
				CLANG_CXX_LANGUAGE_STANDARD = "gnu++17";
				CLANG_ENABLE_MODULES = YES;
				CLANG_ENABLE_OBJC_ARC = YES;
				CLANG_ENABLE_OBJC_WEAK = YES;
				CLANG_WARN_BLOCK_CAPTURE_AUTORELEASING = YES;
				CLANG_WARN_BOOL_CONVERSION = YES;
				CLANG_WARN_COMMA = YES;
				CLANG_WARN_CONSTANT_CONVERSION = YES;
				CLANG_WARN_DEPRECATED_OBJC_IMPLEMENTATIONS = YES;
				CLANG_WARN_DIRECT_OBJC_ISA_USAGE = YES_ERROR;
				CLANG_WARN_DOCUMENTATION_COMMENTS = YES;
				CLANG_WARN_EMPTY_BODY = YES;
				CLANG_WARN_ENUM_CONVERSION = YES;
				CLANG_WARN_INFINITE_RECURSION = YES;
				CLANG_WARN_INT_CONVERSION = YES;
				CLANG_WARN_NON_LITERAL_NULL_CONVERSION = YES;
				CLANG_WARN_OBJC_IMPLICIT_RETAIN_SELF = YES;
				CLANG_WARN_OBJC_LITERAL_CONVERSION = YES;
				CLANG_WARN_OBJC_ROOT_CLASS = YES_ERROR;
				CLANG_WARN_QUOTED_INCLUDE_IN_FRAMEWORK_HEADER = YES;
				CLANG_WARN_RANGE_LOOP_ANALYSIS = YES;
				CLANG_WARN_STRICT_PROTOTYPES = YES;
				CLANG_WARN_SUSPICIOUS_MOVE = YES;
				CLANG_WARN_UNGUARDED_AVAILABILITY = YES_AGGRESSIVE;
				CLANG_WARN_UNREACHABLE_CODE = YES;
				CLANG_WARN__DUPLICATE_METHOD_MATCH = YES;
				COPY_PHASE_STRIP = NO;
				DEBUG_INFORMATION_FORMAT = "dwarf-with-dsym";
				ENABLE_NS_ASSERTIONS = NO;
				ENABLE_STRICT_OBJC_MSGSEND = YES;
				GCC_C_LANGUAGE_STANDARD = gnu11;
				GCC_NO_COMMON_BLOCKS = YES;
				GCC_WARN_64_TO_32_BIT_CONVERSION = YES;
				GCC_WARN_ABOUT_RETURN_TYPE = YES_ERROR;
				GCC_WARN_UNDECLARED_SELECTOR = YES;
				GCC_WARN_UNINITIALIZED_AUTOS = YES_AGGRESSIVE;
				GCC_WARN_UNUSED_FUNCTION = YES;
				GCC_WARN_UNUSED_VARIABLE = YES;
				IPHONEOS_DEPLOYMENT_TARGET = 15.4;
				MTL_ENABLE_DEBUG_INFO = NO;
				MTL_FAST_MATH = YES;
				SDKROOT = iphoneos;
				SWIFT_COMPILATION_MODE = wholemodule;
				SWIFT_OPTIMIZATION_LEVEL = "-O";
				VALIDATE_PRODUCT = YES;
			};
			name = Release;
		};
		C7C4ACC027EAF5670082BDB3 /* Debug */ = {
			isa = XCBuildConfiguration;
			buildSettings = {
				ASSETCATALOG_COMPILER_APPICON_NAME = AppIcon;
				ASSETCATALOG_COMPILER_GLOBAL_ACCENT_COLOR_NAME = AccentColor;
				CODE_SIGN_STYLE = Automatic;
				CURRENT_PROJECT_VERSION = 1;
				DEVELOPMENT_ASSET_PATHS = "\"Scrumify/Preview Content\"";
				ENABLE_PREVIEWS = YES;
				GENERATE_INFOPLIST_FILE = YES;
				INFOPLIST_KEY_UIApplicationSceneManifest_Generation = YES;
				INFOPLIST_KEY_UIApplicationSupportsIndirectInputEvents = YES;
				INFOPLIST_KEY_UILaunchScreen_Generation = YES;
				INFOPLIST_KEY_UISupportedInterfaceOrientations_iPad = "UIInterfaceOrientationPortrait UIInterfaceOrientationPortraitUpsideDown UIInterfaceOrientationLandscapeLeft UIInterfaceOrientationLandscapeRight";
				INFOPLIST_KEY_UISupportedInterfaceOrientations_iPhone = "UIInterfaceOrientationPortrait UIInterfaceOrientationLandscapeLeft UIInterfaceOrientationLandscapeRight";
				LD_RUNPATH_SEARCH_PATHS = (
					"$(inherited)",
					"@executable_path/Frameworks",
				);
				MARKETING_VERSION = 1.0;
				PRODUCT_BUNDLE_IDENTIFIER = com.kamal.Scrumify;
				PRODUCT_NAME = "$(TARGET_NAME)";
				SWIFT_EMIT_LOC_STRINGS = YES;
				SWIFT_VERSION = 5.0;
				TARGETED_DEVICE_FAMILY = "1,2";
			};
			name = Debug;
		};
		C7C4ACC127EAF5670082BDB3 /* Release */ = {
			isa = XCBuildConfiguration;
			buildSettings = {
				ASSETCATALOG_COMPILER_APPICON_NAME = AppIcon;
				ASSETCATALOG_COMPILER_GLOBAL_ACCENT_COLOR_NAME = AccentColor;
				CODE_SIGN_STYLE = Automatic;
				CURRENT_PROJECT_VERSION = 1;
				DEVELOPMENT_ASSET_PATHS = "\"Scrumify/Preview Content\"";
				ENABLE_PREVIEWS = YES;
				GENERATE_INFOPLIST_FILE = YES;
				INFOPLIST_KEY_UIApplicationSceneManifest_Generation = YES;
				INFOPLIST_KEY_UIApplicationSupportsIndirectInputEvents = YES;
				INFOPLIST_KEY_UILaunchScreen_Generation = YES;
				INFOPLIST_KEY_UISupportedInterfaceOrientations_iPad = "UIInterfaceOrientationPortrait UIInterfaceOrientationPortraitUpsideDown UIInterfaceOrientationLandscapeLeft UIInterfaceOrientationLandscapeRight";
				INFOPLIST_KEY_UISupportedInterfaceOrientations_iPhone = "UIInterfaceOrientationPortrait UIInterfaceOrientationLandscapeLeft UIInterfaceOrientationLandscapeRight";
				LD_RUNPATH_SEARCH_PATHS = (
					"$(inherited)",
					"@executable_path/Frameworks",
				);
				MARKETING_VERSION = 1.0;
				PRODUCT_BUNDLE_IDENTIFIER = com.kamal.Scrumify;
				PRODUCT_NAME = "$(TARGET_NAME)";
				SWIFT_EMIT_LOC_STRINGS = YES;
				SWIFT_VERSION = 5.0;
				TARGETED_DEVICE_FAMILY = "1,2";
			};
			name = Release;
		};
/* End XCBuildConfiguration section */

/* Begin XCConfigurationList section */
		C7C4ACAC27EAF5630082BDB3 /* Build configuration list for PBXProject "Scrumify" */ = {
			isa = XCConfigurationList;
			buildConfigurations = (
				C7C4ACBD27EAF5670082BDB3 /* Debug */,
				C7C4ACBE27EAF5670082BDB3 /* Release */,
			);
			defaultConfigurationIsVisible = 0;
			defaultConfigurationName = Release;
		};
		C7C4ACBF27EAF5670082BDB3 /* Build configuration list for PBXNativeTarget "Scrumify" */ = {
			isa = XCConfigurationList;
			buildConfigurations = (
				C7C4ACC027EAF5670082BDB3 /* Debug */,
				C7C4ACC127EAF5670082BDB3 /* Release */,
			);
			defaultConfigurationIsVisible = 0;
			defaultConfigurationName = Release;
		};
/* End XCConfigurationList section */
	};
	rootObject = C7C4ACA927EAF5630082BDB3 /* Project object */;
}
